
Microsoft Visual Studio Solution File, Format Version 12.00
# Visual Studio 2012
Project("{159641D6-6404-4A2A-AE62-294DE0FE8301}") = "SSIS-Test", "SSIS-Test\SSIS-Test.dtproj", "{6B7A9720-E66C-4DEE-AEFD-0686A1C59540}"
EndProject
Global
	GlobalSection(SolutionConfigurationPlatforms) = preSolution
		Development|Default = Development|Default
	EndGlobalSection
	GlobalSection(ProjectConfigurationPlatforms) = postSolution
		{6B7A9720-E66C-4DEE-AEFD-0686A1C59540}.Development|Default.ActiveCfg = Development
		{6B7A9720-E66C-4DEE-AEFD-0686A1C59540}.Development|Default.Build.0 = Development
	EndGlobalSection
	GlobalSection(SolutionProperties) = preSolution
		HideSolutionNode = FALSE
	EndGlobalSection
EndGlobal
